
Microsoft Visual Studio Solution File, Format Version 12.00
# Visual Studio 15
VisualStudioVersion = 15.0.27130.2010
MinimumVisualStudioVersion = 10.0.40219.1
Project("{FAE04EC0-301F-11D3-BF4B-00C04F79EFBC}") = "Hcdz", "Hcdz\Hcdz.csproj", "{75033F1C-5504-44DE-BC64-B4395E196103}"
EndProject
Global
	GlobalSection(SolutionConfigurationPlatforms) = preSolution
		Debug|Any CPU = Debug|Any CPU
		Release|Any CPU = Release|Any CPU
	EndGlobalSection
	GlobalSection(ProjectConfigurationPlatforms) = postSolution
		{75033F1C-5504-44DE-BC64-B4395E196103}.Debug|Any CPU.ActiveCfg = Debug|Any CPU
		{75033F1C-5504-44DE-BC64-B4395E196103}.Debug|Any CPU.Build.0 = Debug|Any CPU
		{75033F1C-5504-44DE-BC64-B4395E196103}.Release|Any CPU.ActiveCfg = Release|Any CPU
		{75033F1C-5504-44DE-BC64-B4395E196103}.Release|Any CPU.Build.0 = Release|Any CPU
	EndGlobalSection
	GlobalSection(SolutionProperties) = preSolution
		HideSolutionNode = FALSE
	EndGlobalSection
	GlobalSection(ExtensibilityGlobals) = postSolution
		SolutionGuid = {A7CFD09D-3592-4C2A-93B3-78A96FCAAA73}
	EndGlobalSection
EndGlobal
